
Microsoft Visual Studio Solution File, Format Version 12.00
# Visual Studio Version 17
VisualStudioVersion = 17.9.34622.214
MinimumVisualStudioVersion = 10.0.40219.1
Project("{FAE04EC0-301F-11D3-BF4B-00C04F79EFBC}") = "Graphs", "Graphs.csproj", "{115DFB4D-237A-421E-AB45-B2FC228154D5}"
EndProject
Global
	GlobalSection(SolutionConfigurationPlatforms) = preSolution
		Debug|Any CPU = Debug|Any CPU
		Release|Any CPU = Release|Any CPU
	EndGlobalSection
	GlobalSection(ProjectConfigurationPlatforms) = postSolution
		{115DFB4D-237A-421E-AB45-B2FC228154D5}.Debug|Any CPU.ActiveCfg = Debug|Any CPU
		{115DFB4D-237A-421E-AB45-B2FC228154D5}.Debug|Any CPU.Build.0 = Debug|Any CPU
		{115DFB4D-237A-421E-AB45-B2FC228154D5}.Release|Any CPU.ActiveCfg = Release|Any CPU
		{115DFB4D-237A-421E-AB45-B2FC228154D5}.Release|Any CPU.Build.0 = Release|Any CPU
	EndGlobalSection
	GlobalSection(SolutionProperties) = preSolution
		HideSolutionNode = FALSE
	EndGlobalSection
	GlobalSection(ExtensibilityGlobals) = postSolution
		SolutionGuid = {720C13C0-6E03-4CD7-A7A4-F3B19E106535}
	EndGlobalSection
EndGlobal
